
Microsoft Visual Studio Solution File, Format Version 12.00
# Visual Studio Version 17
VisualStudioVersion = 17.5.002.0
MinimumVisualStudioVersion = 10.0.40219.1
Project("{9A19103F-16F7-4668-BE54-9A1E7A4F7556}") = "001_Abstraction", "001_Abstraction.csproj", "{B09E7292-165A-40B7-9B06-866796DCF6E1}"
EndProject
Global
	GlobalSection(SolutionConfigurationPlatforms) = preSolution
		Debug|Any CPU = Debug|Any CPU
		Release|Any CPU = Release|Any CPU
	EndGlobalSection
	GlobalSection(ProjectConfigurationPlatforms) = postSolution
		{B09E7292-165A-40B7-9B06-866796DCF6E1}.Debug|Any CPU.ActiveCfg = Debug|Any CPU
		{B09E7292-165A-40B7-9B06-866796DCF6E1}.Debug|Any CPU.Build.0 = Debug|Any CPU
		{B09E7292-165A-40B7-9B06-866796DCF6E1}.Release|Any CPU.ActiveCfg = Release|Any CPU
		{B09E7292-165A-40B7-9B06-866796DCF6E1}.Release|Any CPU.Build.0 = Release|Any CPU
	EndGlobalSection
	GlobalSection(SolutionProperties) = preSolution
		HideSolutionNode = FALSE
	EndGlobalSection
	GlobalSection(ExtensibilityGlobals) = postSolution
		SolutionGuid = {A362DB42-14B4-43D8-97E2-6FCF0E8F40AA}
	EndGlobalSection
EndGlobal
